// !$*UTF8*$!
{
	archiveVersion = 1;
	classes = {
	};
	objectVersion = 51;
	objects = {

/* Begin PBXBuildFile section */
		8C3A5F9C25EAB55C0088646B /* TeamsCell.swift in Sources */ = {isa = PBXBuildFile; fileRef = 8C3A5F9A25EAB55C0088646B /* TeamsCell.swift */; };
		8C3A5F9D25EAB55C0088646B /* TeamsCell.xib in Resources */ = {isa = PBXBuildFile; fileRef = 8C3A5F9B25EAB55C0088646B /* TeamsCell.xib */; };
		8C3A5FA625EAB66D0088646B /* TeamCell.swift in Sources */ = {isa = PBXBuildFile; fileRef = 8C3A5FA425EAB66D0088646B /* TeamCell.swift */; };
		8C3A5FA725EAB66D0088646B /* TeamCell.xib in Resources */ = {isa = PBXBuildFile; fileRef = 8C3A5FA525EAB66D0088646B /* TeamCell.xib */; };
		8C3A5FAB25EAB7870088646B /* TeamsPresenter.swift in Sources */ = {isa = PBXBuildFile; fileRef = 8C3A5FAA25EAB7870088646B /* TeamsPresenter.swift */; };
		8C3A5FAE25EABD1B0088646B /* TeamCellProtocol.swift in Sources */ = {isa = PBXBuildFile; fileRef = 8C3A5FAD25EABD1B0088646B /* TeamCellProtocol.swift */; };
		8C3A5FB125EAF27D0088646B /* ViewsIDs.swift in Sources */ = {isa = PBXBuildFile; fileRef = 8C3A5FB025EAF27D0088646B /* ViewsIDs.swift */; };
		8C3A5FBE25EB2A030088646B /* YouTubeModel.swift in Sources */ = {isa = PBXBuildFile; fileRef = 8C3A5FBD25EB2A030088646B /* YouTubeModel.swift */; };
		8C4E9B2425F1D47D0016C08A /* sports.jpg in Resources */ = {isa = PBXBuildFile; fileRef = 8C4E9B2325F1D47D0016C08A /* sports.jpg */; };
		8C4E9B2725F1D5D70016C08A /* leagues.png in Resources */ = {isa = PBXBuildFile; fileRef = 8C4E9B2625F1D5D70016C08A /* leagues.png */; };
		8C4E9B2A25F1DAFF0016C08A /* teams.jpg in Resources */ = {isa = PBXBuildFile; fileRef = 8C4E9B2925F1DAFF0016C08A /* teams.jpg */; };
		8C4E9B3125F20AC90016C08A /* facebook.png in Resources */ = {isa = PBXBuildFile; fileRef = 8C4E9B2D25F20AC90016C08A /* facebook.png */; };
		8C4E9B3225F20AC90016C08A /* twitter.png in Resources */ = {isa = PBXBuildFile; fileRef = 8C4E9B2E25F20AC90016C08A /* twitter.png */; };
		8C4E9B3325F20AC90016C08A /* instagram.png in Resources */ = {isa = PBXBuildFile; fileRef = 8C4E9B2F25F20AC90016C08A /* instagram.png */; };
		8C4E9B3425F20AC90016C08A /* youtube.png in Resources */ = {isa = PBXBuildFile; fileRef = 8C4E9B3025F20AC90016C08A /* youtube.png */; };
		8C599DC525E9FFDA00B2B7C0 /* DetailsVC.swift in Sources */ = {isa = PBXBuildFile; fileRef = 8C599DC425E9FFDA00B2B7C0 /* DetailsVC.swift */; };
		8C599DCD25EA1C8400B2B7C0 /* LastEventsCell.swift in Sources */ = {isa = PBXBuildFile; fileRef = 8C599DCB25EA1C8400B2B7C0 /* LastEventsCell.swift */; };
		8C599DCE25EA1C8400B2B7C0 /* LastEventsCell.xib in Resources */ = {isa = PBXBuildFile; fileRef = 8C599DCC25EA1C8400B2B7C0 /* LastEventsCell.xib */; };
		8C599DD125EA1F0400B2B7C0 /* LastEventsPresenter.swift in Sources */ = {isa = PBXBuildFile; fileRef = 8C599DD025EA1F0400B2B7C0 /* LastEventsPresenter.swift */; };
		8C5D109D25E5C5480023EE5A /* AppDelegate.swift in Sources */ = {isa = PBXBuildFile; fileRef = 8C5D109C25E5C5480023EE5A /* AppDelegate.swift */; };
		8C5D109F25E5C5480023EE5A /* SceneDelegate.swift in Sources */ = {isa = PBXBuildFile; fileRef = 8C5D109E25E5C5480023EE5A /* SceneDelegate.swift */; };
		8C5D10A425E5C5480023EE5A /* Main.storyboard in Resources */ = {isa = PBXBuildFile; fileRef = 8C5D10A225E5C5480023EE5A /* Main.storyboard */; };
		8C5D10A725E5C5480023EE5A /* Remontada.xcdatamodeld in Sources */ = {isa = PBXBuildFile; fileRef = 8C5D10A525E5C5480023EE5A /* Remontada.xcdatamodeld */; };
		8C5D10A925E5C5490023EE5A /* Assets.xcassets in Resources */ = {isa = PBXBuildFile; fileRef = 8C5D10A825E5C5490023EE5A /* Assets.xcassets */; };
		8C5D10AC25E5C5490023EE5A /* LaunchScreen.storyboard in Resources */ = {isa = PBXBuildFile; fileRef = 8C5D10AA25E5C5490023EE5A /* LaunchScreen.storyboard */; };
		8C645B1325F2EB8A0014DB6B /* ball.png in Resources */ = {isa = PBXBuildFile; fileRef = 8C645B1225F2EB8A0014DB6B /* ball.png */; };
		8C7C095125E9A18F003D507C /* YoutubeVC.swift in Sources */ = {isa = PBXBuildFile; fileRef = 8C7C095025E9A18F003D507C /* YoutubeVC.swift */; };
		8C7D1E2825E85F1400CE2876 /* APIURLs.swift in Sources */ = {isa = PBXBuildFile; fileRef = 8C7D1E2725E85F1400CE2876 /* APIURLs.swift */; };
		8C7D1E2D25E8626900CE2876 /* BaseAPI.swift in Sources */ = {isa = PBXBuildFile; fileRef = 8C7D1E2C25E8626900CE2876 /* BaseAPI.swift */; };
		8C7D1E3225E8743700CE2876 /* SportsVC.swift in Sources */ = {isa = PBXBuildFile; fileRef = 8C7D1E3125E8743700CE2876 /* SportsVC.swift */; };
		8C7D1E3525E8756000CE2876 /* SportsVC+CollectionView.swift in Sources */ = {isa = PBXBuildFile; fileRef = 8C7D1E3425E8756000CE2876 /* SportsVC+CollectionView.swift */; };
		8C7D1E3B25E875FD00CE2876 /* SportCell.swift in Sources */ = {isa = PBXBuildFile; fileRef = 8C7D1E3925E875FD00CE2876 /* SportCell.swift */; };
		8C7D1E3C25E875FD00CE2876 /* SportCell.xib in Resources */ = {isa = PBXBuildFile; fileRef = 8C7D1E3A25E875FD00CE2876 /* SportCell.xib */; };
		8C7D1E4225E8773D00CE2876 /* SportCellProtocol.swift in Sources */ = {isa = PBXBuildFile; fileRef = 8C7D1E4125E8773D00CE2876 /* SportCellProtocol.swift */; };
		8C7D1E4625E87D5100CE2876 /* SportsPresenter.swift in Sources */ = {isa = PBXBuildFile; fileRef = 8C7D1E4525E87D5100CE2876 /* SportsPresenter.swift */; };
		8C7D1E4925E87D9D00CE2876 /* SportsModel.swift in Sources */ = {isa = PBXBuildFile; fileRef = 8C7D1E4825E87D9D00CE2876 /* SportsModel.swift */; };
		8C7D1E4D25E87E8700CE2876 /* APIProtocol.swift in Sources */ = {isa = PBXBuildFile; fileRef = 8C7D1E4C25E87E8700CE2876 /* APIProtocol.swift */; };
		8C7D1E5225E889E600CE2876 /* Sport.swift in Sources */ = {isa = PBXBuildFile; fileRef = 8C7D1E5125E889E600CE2876 /* Sport.swift */; };
		8C7E8A1825EC8BB500C516AC /* TeamDetailsVC.swift in Sources */ = {isa = PBXBuildFile; fileRef = 8C7E8A1725EC8BB500C516AC /* TeamDetailsVC.swift */; };
		8C7E8A1C25EC8BE900C516AC /* TeamDetailsPresenter.swift in Sources */ = {isa = PBXBuildFile; fileRef = 8C7E8A1B25EC8BE900C516AC /* TeamDetailsPresenter.swift */; };
		8C905F4425F04F1D004975CA /* TabBarAnimation.swift in Sources */ = {isa = PBXBuildFile; fileRef = 8C905F4325F04F1D004975CA /* TabBarAnimation.swift */; };
		8C952CB225E91E7700EFD939 /* LeageCell.swift in Sources */ = {isa = PBXBuildFile; fileRef = 8C952CB025E91E7700EFD939 /* LeageCell.swift */; };
		8C952CB325E91E7700EFD939 /* LeageCell.xib in Resources */ = {isa = PBXBuildFile; fileRef = 8C952CB125E91E7700EFD939 /* LeageCell.xib */; };
		8C952CB725E9276300EFD939 /* LeagesVC.swift in Sources */ = {isa = PBXBuildFile; fileRef = 8C952CB625E9276300EFD939 /* LeagesVC.swift */; };
		8C952CBA25E927C000EFD939 /* LeagesVC+TableOfLeages.swift in Sources */ = {isa = PBXBuildFile; fileRef = 8C952CB925E927C000EFD939 /* LeagesVC+TableOfLeages.swift */; };
		8C952CBD25E9281500EFD939 /* LeagesPresenter.swift in Sources */ = {isa = PBXBuildFile; fileRef = 8C952CBC25E9281500EFD939 /* LeagesPresenter.swift */; };
		8C952CC025E928E200EFD939 /* LeageBaseInfo.swift in Sources */ = {isa = PBXBuildFile; fileRef = 8C952CBF25E928E200EFD939 /* LeageBaseInfo.swift */; };
		8C952CC925E92D0B00EFD939 /* LeageMoreInfo.swift in Sources */ = {isa = PBXBuildFile; fileRef = 8C952CC825E92D0B00EFD939 /* LeageMoreInfo.swift */; };
		8C952CD025E92FA500EFD939 /* LeageModel.swift in Sources */ = {isa = PBXBuildFile; fileRef = 8C952CCF25E92FA500EFD939 /* LeageModel.swift */; };
		8C952CD325E930B200EFD939 /* CellsIDs.swift in Sources */ = {isa = PBXBuildFile; fileRef = 8C952CD225E930B200EFD939 /* CellsIDs.swift */; };
		8C952CDB25E9346200EFD939 /* CollectionsProtocol.swift in Sources */ = {isa = PBXBuildFile; fileRef = 8C952CDA25E9346200EFD939 /* CollectionsProtocol.swift */; };
		8C952CDE25E9410200EFD939 /* LeageCellProtocol.swift in Sources */ = {isa = PBXBuildFile; fileRef = 8C952CDD25E9410200EFD939 /* LeageCellProtocol.swift */; };
		8C952CE525E94F8E00EFD939 /* LeagesBase.swift in Sources */ = {isa = PBXBuildFile; fileRef = 8C952CE425E94F8E00EFD939 /* LeagesBase.swift */; };
		8C952CE825E94FCE00EFD939 /* LeagesMore.swift in Sources */ = {isa = PBXBuildFile; fileRef = 8C952CE725E94FCE00EFD939 /* LeagesMore.swift */; };
		8C9B6B1325EEEFD0008901B9 /* FavoriteLeagues+CoreDataClass.swift in Sources */ = {isa = PBXBuildFile; fileRef = 8C9B6B1125EEEFD0008901B9 /* FavoriteLeagues+CoreDataClass.swift */; };
		8C9B6B1425EEEFD0008901B9 /* FavoriteLeagues+CoreDataProperties.swift in Sources */ = {isa = PBXBuildFile; fileRef = 8C9B6B1225EEEFD0008901B9 /* FavoriteLeagues+CoreDataProperties.swift */; };
		8C9B6B1925EEF35A008901B9 /* FavoriteLeaguesVC.swift in Sources */ = {isa = PBXBuildFile; fileRef = 8C9B6B1825EEF35A008901B9 /* FavoriteLeaguesVC.swift */; };
		8C9B6B1C25EEF3E8008901B9 /* FavoriteLeaguesPresenter.swift in Sources */ = {isa = PBXBuildFile; fileRef = 8C9B6B1B25EEF3E8008901B9 /* FavoriteLeaguesPresenter.swift */; };
		8C9B6B1F25EEF75F008901B9 /* CoreDataProtocol.swift in Sources */ = {isa = PBXBuildFile; fileRef = 8C9B6B1E25EEF75F008901B9 /* CoreDataProtocol.swift */; };
		8C9B6B2225EEFF8D008901B9 /* FavoriteLeaguesVC+TableOfFavoriteLeages.swift in Sources */ = {isa = PBXBuildFile; fileRef = 8C9B6B2125EEFF8D008901B9 /* FavoriteLeaguesVC+TableOfFavoriteLeages.swift */; };
		8C9B6B2525EF086E008901B9 /* DataModel.swift in Sources */ = {isa = PBXBuildFile; fileRef = 8C9B6B2425EF086E008901B9 /* DataModel.swift */; };
		8C9B6B2B25EF21AA008901B9 /* LeagesPresenter+CoreDataPresenter.swift in Sources */ = {isa = PBXBuildFile; fileRef = 8C9B6B2A25EF21AA008901B9 /* LeagesPresenter+CoreDataPresenter.swift */; };
		8CE73F7F25E9D0BA0056FA4C /* UpcomingEventsCell.swift in Sources */ = {isa = PBXBuildFile; fileRef = 8CE73F7D25E9D0BA0056FA4C /* UpcomingEventsCell.swift */; };
		8CE73F8025E9D0BA0056FA4C /* UpcomingEventsCell.xib in Resources */ = {isa = PBXBuildFile; fileRef = 8CE73F7E25E9D0BA0056FA4C /* UpcomingEventsCell.xib */; };
		8CE73F8625E9D1FD0056FA4C /* EventCell.swift in Sources */ = {isa = PBXBuildFile; fileRef = 8CE73F8425E9D1FD0056FA4C /* EventCell.swift */; };
		8CE73F8725E9D1FD0056FA4C /* EventCell.xib in Resources */ = {isa = PBXBuildFile; fileRef = 8CE73F8525E9D1FD0056FA4C /* EventCell.xib */; };
		8CE73F8B25E9E0A20056FA4C /* EventCellProtocol.swift in Sources */ = {isa = PBXBuildFile; fileRef = 8CE73F8A25E9E0A20056FA4C /* EventCellProtocol.swift */; };
		8CE73F8E25E9E31E0056FA4C /* UpcomingEventsPresenter.swift in Sources */ = {isa = PBXBuildFile; fileRef = 8CE73F8D25E9E31E0056FA4C /* UpcomingEventsPresenter.swift */; };
		8CE73F9325E9EC130056FA4C /* UpcomingModel.swift in Sources */ = {isa = PBXBuildFile; fileRef = 8CE73F9225E9EC130056FA4C /* UpcomingModel.swift */; };
		8CE73F9825E9ED420056FA4C /* TeamsModel.swift in Sources */ = {isa = PBXBuildFile; fileRef = 8CE73F9725E9ED420056FA4C /* TeamsModel.swift */; };
		8CE73F9B25E9ED6F0056FA4C /* Team.swift in Sources */ = {isa = PBXBuildFile; fileRef = 8CE73F9A25E9ED6F0056FA4C /* Team.swift */; };
		8CE73F9E25E9F11C0056FA4C /* Events.swift in Sources */ = {isa = PBXBuildFile; fileRef = 8CE73F9D25E9F11C0056FA4C /* Events.swift */; };
		8CE73FA125E9F13B0056FA4C /* Event.swift in Sources */ = {isa = PBXBuildFile; fileRef = 8CE73FA025E9F13B0056FA4C /* Event.swift */; };
		EFCA5BBFFFB887879DFC0B44 /* Pods_Remontada.framework in Frameworks */ = {isa = PBXBuildFile; fileRef = E9C42434F8850F7FA1A6C666 /* Pods_Remontada.framework */; };
/* End PBXBuildFile section */

/* Begin PBXFileReference section */
		230F15948B28F4581AE64DFE /* Pods-Remontada.debug.xcconfig */ = {isa = PBXFileReference; includeInIndex = 1; lastKnownFileType = text.xcconfig; name = "Pods-Remontada.debug.xcconfig"; path = "Target Support Files/Pods-Remontada/Pods-Remontada.debug.xcconfig"; sourceTree = "<group>"; };
		85938B44B53B4FFCF3CE6CF7 /* Pods-Remontada.release.xcconfig */ = {isa = PBXFileReference; includeInIndex = 1; lastKnownFileType = text.xcconfig; name = "Pods-Remontada.release.xcconfig"; path = "Target Support Files/Pods-Remontada/Pods-Remontada.release.xcconfig"; sourceTree = "<group>"; };
		8C3A5F9A25EAB55C0088646B /* TeamsCell.swift */ = {isa = PBXFileReference; lastKnownFileType = sourcecode.swift; path = TeamsCell.swift; sourceTree = "<group>"; };
		8C3A5F9B25EAB55C0088646B /* TeamsCell.xib */ = {isa = PBXFileReference; lastKnownFileType = file.xib; path = TeamsCell.xib; sourceTree = "<group>"; };
		8C3A5FA425EAB66D0088646B /* TeamCell.swift */ = {isa = PBXFileReference; lastKnownFileType = sourcecode.swift; path = TeamCell.swift; sourceTree = "<group>"; };
		8C3A5FA525EAB66D0088646B /* TeamCell.xib */ = {isa = PBXFileReference; lastKnownFileType = file.xib; path = TeamCell.xib; sourceTree = "<group>"; };
		8C3A5FAA25EAB7870088646B /* TeamsPresenter.swift */ = {isa = PBXFileReference; lastKnownFileType = sourcecode.swift; path = TeamsPresenter.swift; sourceTree = "<group>"; };
		8C3A5FAD25EABD1B0088646B /* TeamCellProtocol.swift */ = {isa = PBXFileReference; lastKnownFileType = sourcecode.swift; path = TeamCellProtocol.swift; sourceTree = "<group>"; };
		8C3A5FB025EAF27D0088646B /* ViewsIDs.swift */ = {isa = PBXFileReference; lastKnownFileType = sourcecode.swift; path = ViewsIDs.swift; sourceTree = "<group>"; };
		8C3A5FBD25EB2A030088646B /* YouTubeModel.swift */ = {isa = PBXFileReference; lastKnownFileType = sourcecode.swift; path = YouTubeModel.swift; sourceTree = "<group>"; };
		8C4E9B2325F1D47D0016C08A /* sports.jpg */ = {isa = PBXFileReference; lastKnownFileType = image.jpeg; path = sports.jpg; sourceTree = "<group>"; };
		8C4E9B2625F1D5D70016C08A /* leagues.png */ = {isa = PBXFileReference; lastKnownFileType = image.png; path = leagues.png; sourceTree = "<group>"; };
		8C4E9B2925F1DAFF0016C08A /* teams.jpg */ = {isa = PBXFileReference; lastKnownFileType = image.jpeg; path = teams.jpg; sourceTree = "<group>"; };
		8C4E9B2D25F20AC90016C08A /* facebook.png */ = {isa = PBXFileReference; lastKnownFileType = image.png; path = facebook.png; sourceTree = "<group>"; };
		8C4E9B2E25F20AC90016C08A /* twitter.png */ = {isa = PBXFileReference; lastKnownFileType = image.png; path = twitter.png; sourceTree = "<group>"; };
		8C4E9B2F25F20AC90016C08A /* instagram.png */ = {isa = PBXFileReference; lastKnownFileType = image.png; path = instagram.png; sourceTree = "<group>"; };
		8C4E9B3025F20AC90016C08A /* youtube.png */ = {isa = PBXFileReference; lastKnownFileType = image.png; path = youtube.png; sourceTree = "<group>"; };
		8C599DC425E9FFDA00B2B7C0 /* DetailsVC.swift */ = {isa = PBXFileReference; lastKnownFileType = sourcecode.swift; path = DetailsVC.swift; sourceTree = "<group>"; };
		8C599DCB25EA1C8400B2B7C0 /* LastEventsCell.swift */ = {isa = PBXFileReference; lastKnownFileType = sourcecode.swift; path = LastEventsCell.swift; sourceTree = "<group>"; };
		8C599DCC25EA1C8400B2B7C0 /* LastEventsCell.xib */ = {isa = PBXFileReference; lastKnownFileType = file.xib; path = LastEventsCell.xib; sourceTree = "<group>"; };
		8C599DD025EA1F0400B2B7C0 /* LastEventsPresenter.swift */ = {isa = PBXFileReference; lastKnownFileType = sourcecode.swift; path = LastEventsPresenter.swift; sourceTree = "<group>"; };
		8C5D109925E5C5480023EE5A /* Remontada.app */ = {isa = PBXFileReference; explicitFileType = wrapper.application; includeInIndex = 0; path = Remontada.app; sourceTree = BUILT_PRODUCTS_DIR; };
		8C5D109C25E5C5480023EE5A /* AppDelegate.swift */ = {isa = PBXFileReference; lastKnownFileType = sourcecode.swift; path = AppDelegate.swift; sourceTree = "<group>"; };
		8C5D109E25E5C5480023EE5A /* SceneDelegate.swift */ = {isa = PBXFileReference; lastKnownFileType = sourcecode.swift; path = SceneDelegate.swift; sourceTree = "<group>"; };
		8C5D10A325E5C5480023EE5A /* Base */ = {isa = PBXFileReference; lastKnownFileType = file.storyboard; name = Base; path = Base.lproj/Main.storyboard; sourceTree = "<group>"; };
		8C5D10A625E5C5480023EE5A /* Remontada.xcdatamodel */ = {isa = PBXFileReference; lastKnownFileType = wrapper.xcdatamodel; path = Remontada.xcdatamodel; sourceTree = "<group>"; };
		8C5D10A825E5C5490023EE5A /* Assets.xcassets */ = {isa = PBXFileReference; lastKnownFileType = folder.assetcatalog; path = Assets.xcassets; sourceTree = "<group>"; };
		8C5D10AB25E5C5490023EE5A /* Base */ = {isa = PBXFileReference; lastKnownFileType = file.storyboard; name = Base; path = Base.lproj/LaunchScreen.storyboard; sourceTree = "<group>"; };
		8C5D10AD25E5C5490023EE5A /* Info.plist */ = {isa = PBXFileReference; lastKnownFileType = text.plist.xml; path = Info.plist; sourceTree = "<group>"; };
		8C645B1225F2EB8A0014DB6B /* ball.png */ = {isa = PBXFileReference; lastKnownFileType = image.png; path = ball.png; sourceTree = "<group>"; };
		8C7C095025E9A18F003D507C /* YoutubeVC.swift */ = {isa = PBXFileReference; lastKnownFileType = sourcecode.swift; path = YoutubeVC.swift; sourceTree = "<group>"; };
		8C7D1E2725E85F1400CE2876 /* APIURLs.swift */ = {isa = PBXFileReference; lastKnownFileType = sourcecode.swift; path = APIURLs.swift; sourceTree = "<group>"; };
		8C7D1E2C25E8626900CE2876 /* BaseAPI.swift */ = {isa = PBXFileReference; lastKnownFileType = sourcecode.swift; path = BaseAPI.swift; sourceTree = "<group>"; };
		8C7D1E3125E8743700CE2876 /* SportsVC.swift */ = {isa = PBXFileReference; lastKnownFileType = sourcecode.swift; path = SportsVC.swift; sourceTree = "<group>"; };
		8C7D1E3425E8756000CE2876 /* SportsVC+CollectionView.swift */ = {isa = PBXFileReference; lastKnownFileType = sourcecode.swift; path = "SportsVC+CollectionView.swift"; sourceTree = "<group>"; };
		8C7D1E3925E875FD00CE2876 /* SportCell.swift */ = {isa = PBXFileReference; lastKnownFileType = sourcecode.swift; path = SportCell.swift; sourceTree = "<group>"; };
		8C7D1E3A25E875FD00CE2876 /* SportCell.xib */ = {isa = PBXFileReference; lastKnownFileType = file.xib; path = SportCell.xib; sourceTree = "<group>"; };
		8C7D1E4125E8773D00CE2876 /* SportCellProtocol.swift */ = {isa = PBXFileReference; lastKnownFileType = sourcecode.swift; path = SportCellProtocol.swift; sourceTree = "<group>"; };
		8C7D1E4525E87D5100CE2876 /* SportsPresenter.swift */ = {isa = PBXFileReference; lastKnownFileType = sourcecode.swift; path = SportsPresenter.swift; sourceTree = "<group>"; };
		8C7D1E4825E87D9D00CE2876 /* SportsModel.swift */ = {isa = PBXFileReference; lastKnownFileType = sourcecode.swift; path = SportsModel.swift; sourceTree = "<group>"; };
		8C7D1E4C25E87E8700CE2876 /* APIProtocol.swift */ = {isa = PBXFileReference; lastKnownFileType = sourcecode.swift; path = APIProtocol.swift; sourceTree = "<group>"; };
		8C7D1E5125E889E600CE2876 /* Sport.swift */ = {isa = PBXFileReference; lastKnownFileType = sourcecode.swift; path = Sport.swift; sourceTree = "<group>"; };
		8C7E8A1725EC8BB500C516AC /* TeamDetailsVC.swift */ = {isa = PBXFileReference; lastKnownFileType = sourcecode.swift; path = TeamDetailsVC.swift; sourceTree = "<group>"; };
		8C7E8A1B25EC8BE900C516AC /* TeamDetailsPresenter.swift */ = {isa = PBXFileReference; lastKnownFileType = sourcecode.swift; path = TeamDetailsPresenter.swift; sourceTree = "<group>"; };
		8C905F4325F04F1D004975CA /* TabBarAnimation.swift */ = {isa = PBXFileReference; lastKnownFileType = sourcecode.swift; path = TabBarAnimation.swift; sourceTree = "<group>"; };
		8C952CB025E91E7700EFD939 /* LeageCell.swift */ = {isa = PBXFileReference; lastKnownFileType = sourcecode.swift; path = LeageCell.swift; sourceTree = "<group>"; };
		8C952CB125E91E7700EFD939 /* LeageCell.xib */ = {isa = PBXFileReference; lastKnownFileType = file.xib; path = LeageCell.xib; sourceTree = "<group>"; };
		8C952CB625E9276300EFD939 /* LeagesVC.swift */ = {isa = PBXFileReference; lastKnownFileType = sourcecode.swift; path = LeagesVC.swift; sourceTree = "<group>"; };
		8C952CB925E927C000EFD939 /* LeagesVC+TableOfLeages.swift */ = {isa = PBXFileReference; lastKnownFileType = sourcecode.swift; path = "LeagesVC+TableOfLeages.swift"; sourceTree = "<group>"; };
		8C952CBC25E9281500EFD939 /* LeagesPresenter.swift */ = {isa = PBXFileReference; lastKnownFileType = sourcecode.swift; path = LeagesPresenter.swift; sourceTree = "<group>"; };
		8C952CBF25E928E200EFD939 /* LeageBaseInfo.swift */ = {isa = PBXFileReference; lastKnownFileType = sourcecode.swift; path = LeageBaseInfo.swift; sourceTree = "<group>"; };
		8C952CC825E92D0B00EFD939 /* LeageMoreInfo.swift */ = {isa = PBXFileReference; lastKnownFileType = sourcecode.swift; path = LeageMoreInfo.swift; sourceTree = "<group>"; };
		8C952CCF25E92FA500EFD939 /* LeageModel.swift */ = {isa = PBXFileReference; lastKnownFileType = sourcecode.swift; path = LeageModel.swift; sourceTree = "<group>"; };
		8C952CD225E930B200EFD939 /* CellsIDs.swift */ = {isa = PBXFileReference; lastKnownFileType = sourcecode.swift; path = CellsIDs.swift; sourceTree = "<group>"; };
		8C952CDA25E9346200EFD939 /* CollectionsProtocol.swift */ = {isa = PBXFileReference; lastKnownFileType = sourcecode.swift; path = CollectionsProtocol.swift; sourceTree = "<group>"; };
		8C952CDD25E9410200EFD939 /* LeageCellProtocol.swift */ = {isa = PBXFileReference; lastKnownFileType = sourcecode.swift; path = LeageCellProtocol.swift; sourceTree = "<group>"; };
		8C952CE425E94F8E00EFD939 /* LeagesBase.swift */ = {isa = PBXFileReference; lastKnownFileType = sourcecode.swift; path = LeagesBase.swift; sourceTree = "<group>"; };
		8C952CE725E94FCE00EFD939 /* LeagesMore.swift */ = {isa = PBXFileReference; lastKnownFileType = sourcecode.swift; path = LeagesMore.swift; sourceTree = "<group>"; };
		8C9B6B1125EEEFD0008901B9 /* FavoriteLeagues+CoreDataClass.swift */ = {isa = PBXFileReference; lastKnownFileType = sourcecode.swift; path = "FavoriteLeagues+CoreDataClass.swift"; sourceTree = SOURCE_ROOT; };
		8C9B6B1225EEEFD0008901B9 /* FavoriteLeagues+CoreDataProperties.swift */ = {isa = PBXFileReference; lastKnownFileType = sourcecode.swift; path = "FavoriteLeagues+CoreDataProperties.swift"; sourceTree = SOURCE_ROOT; };
		8C9B6B1825EEF35A008901B9 /* FavoriteLeaguesVC.swift */ = {isa = PBXFileReference; lastKnownFileType = sourcecode.swift; path = FavoriteLeaguesVC.swift; sourceTree = "<group>"; };
		8C9B6B1B25EEF3E8008901B9 /* FavoriteLeaguesPresenter.swift */ = {isa = PBXFileReference; lastKnownFileType = sourcecode.swift; path = FavoriteLeaguesPresenter.swift; sourceTree = "<group>"; };
		8C9B6B1E25EEF75F008901B9 /* CoreDataProtocol.swift */ = {isa = PBXFileReference; lastKnownFileType = sourcecode.swift; path = CoreDataProtocol.swift; sourceTree = "<group>"; };
		8C9B6B2125EEFF8D008901B9 /* FavoriteLeaguesVC+TableOfFavoriteLeages.swift */ = {isa = PBXFileReference; lastKnownFileType = sourcecode.swift; path = "FavoriteLeaguesVC+TableOfFavoriteLeages.swift"; sourceTree = "<group>"; };
		8C9B6B2425EF086E008901B9 /* DataModel.swift */ = {isa = PBXFileReference; lastKnownFileType = sourcecode.swift; path = DataModel.swift; sourceTree = "<group>"; };
		8C9B6B2A25EF21AA008901B9 /* LeagesPresenter+CoreDataPresenter.swift */ = {isa = PBXFileReference; lastKnownFileType = sourcecode.swift; path = "LeagesPresenter+CoreDataPresenter.swift"; sourceTree = "<group>"; };
		8CE73F7D25E9D0BA0056FA4C /* UpcomingEventsCell.swift */ = {isa = PBXFileReference; lastKnownFileType = sourcecode.swift; path = UpcomingEventsCell.swift; sourceTree = "<group>"; };
		8CE73F7E25E9D0BA0056FA4C /* UpcomingEventsCell.xib */ = {isa = PBXFileReference; lastKnownFileType = file.xib; path = UpcomingEventsCell.xib; sourceTree = "<group>"; };
		8CE73F8425E9D1FD0056FA4C /* EventCell.swift */ = {isa = PBXFileReference; lastKnownFileType = sourcecode.swift; path = EventCell.swift; sourceTree = "<group>"; };
		8CE73F8525E9D1FD0056FA4C /* EventCell.xib */ = {isa = PBXFileReference; lastKnownFileType = file.xib; path = EventCell.xib; sourceTree = "<group>"; };
		8CE73F8A25E9E0A20056FA4C /* EventCellProtocol.swift */ = {isa = PBXFileReference; lastKnownFileType = sourcecode.swift; path = EventCellProtocol.swift; sourceTree = "<group>"; };
		8CE73F8D25E9E31E0056FA4C /* UpcomingEventsPresenter.swift */ = {isa = PBXFileReference; lastKnownFileType = sourcecode.swift; path = UpcomingEventsPresenter.swift; sourceTree = "<group>"; };
		8CE73F9225E9EC130056FA4C /* UpcomingModel.swift */ = {isa = PBXFileReference; lastKnownFileType = sourcecode.swift; path = UpcomingModel.swift; sourceTree = "<group>"; };
		8CE73F9725E9ED420056FA4C /* TeamsModel.swift */ = {isa = PBXFileReference; lastKnownFileType = sourcecode.swift; path = TeamsModel.swift; sourceTree = "<group>"; };
		8CE73F9A25E9ED6F0056FA4C /* Team.swift */ = {isa = PBXFileReference; lastKnownFileType = sourcecode.swift; path = Team.swift; sourceTree = "<group>"; };
		8CE73F9D25E9F11C0056FA4C /* Events.swift */ = {isa = PBXFileReference; lastKnownFileType = sourcecode.swift; path = Events.swift; sourceTree = "<group>"; };
		8CE73FA025E9F13B0056FA4C /* Event.swift */ = {isa = PBXFileReference; lastKnownFileType = sourcecode.swift; path = Event.swift; sourceTree = "<group>"; };
		E9C42434F8850F7FA1A6C666 /* Pods_Remontada.framework */ = {isa = PBXFileReference; explicitFileType = wrapper.framework; includeInIndex = 0; path = Pods_Remontada.framework; sourceTree = BUILT_PRODUCTS_DIR; };
/* End PBXFileReference section */

/* Begin PBXFrameworksBuildPhase section */
		8C5D109625E5C5480023EE5A /* Frameworks */ = {
			isa = PBXFrameworksBuildPhase;
			buildActionMask = 2147483647;
			files = (
				EFCA5BBFFFB887879DFC0B44 /* Pods_Remontada.framework in Frameworks */,
			);
			runOnlyForDeploymentPostprocessing = 0;
		};
/* End PBXFrameworksBuildPhase section */

/* Begin PBXGroup section */
		71C1EFD2CB23AACC5CE9F61C /* Pods */ = {
			isa = PBXGroup;
			children = (
				230F15948B28F4581AE64DFE /* Pods-Remontada.debug.xcconfig */,
				85938B44B53B4FFCF3CE6CF7 /* Pods-Remontada.release.xcconfig */,
			);
			path = Pods;
			sourceTree = "<group>";
		};
		8C21B5EE25E5CCD300C9D31E /* Models */ = {
			isa = PBXGroup;
			children = (
				8C3A5FBC25EB29E80088646B /* YouTube */,
				8CE73F9025E9EBAD0056FA4C /* Details */,
				8C952CC325E92B5D00EFD939 /* Leages */,
				8C952CC225E92B4E00EFD939 /* Sports */,
			);
			path = Models;
			sourceTree = "<group>";
		};
		8C21B5EF25E5CCE100C9D31E /* Views */ = {
			isa = PBXGroup;
			children = (
				8C905F3E25F04ECB004975CA /* Animation */,
				8C9B6B1625EEF227008901B9 /* FavoriteLeagues */,
				8C7E8A1425EC8B6E00C516AC /* TeamDetails */,
				8CE73F7825E9CFFE0056FA4C /* LeaguesDetails */,
				8C952CAE25E91D3800EFD939 /* Leages */,
				8C7D1E2F25E870D700CE2876 /* Sports */,
				8C7C094F25E9A14A003D507C /* Youtube */,
			);
			path = Views;
			sourceTree = "<group>";
		};
		8C21B5F025E5CCEA00C9D31E /* Presenters */ = {
			isa = PBXGroup;
			children = (
				8C4E9B1F25F1A7C80016C08A /* Leagues */,
				8CE73F8225E9D1860056FA4C /* LeaguesDetails */,
				8C7D1E4525E87D5100CE2876 /* SportsPresenter.swift */,
				8C7E8A1B25EC8BE900C516AC /* TeamDetailsPresenter.swift */,
				8C9B6B1B25EEF3E8008901B9 /* FavoriteLeaguesPresenter.swift */,
			);
			path = Presenters;
			sourceTree = "<group>";
		};
		8C21B5F125E5CD0E00C9D31E /* Core */ = {
			isa = PBXGroup;
			children = (
				8C5D109E25E5C5480023EE5A /* SceneDelegate.swift */,
				8C5D109C25E5C5480023EE5A /* AppDelegate.swift */,
			);
			path = Core;
			sourceTree = "<group>";
		};
		8C21B5F225E5CD1A00C9D31E /* Resources */ = {
			isa = PBXGroup;
			children = (
				8C4E9B2225F1D4630016C08A /* Images */,
				8C5D10A825E5C5490023EE5A /* Assets.xcassets */,
			);
			path = Resources;
			sourceTree = "<group>";
		};
		8C21B5F325E5CD7C00C9D31E /* Configuration */ = {
			isa = PBXGroup;
			children = (
				8C5D10A525E5C5480023EE5A /* Remontada.xcdatamodeld */,
				8C5D10AD25E5C5490023EE5A /* Info.plist */,
			);
			path = Configuration;
			sourceTree = "<group>";
		};
		8C21B5F925E5D57400C9D31E /* Storyboards */ = {
			isa = PBXGroup;
			children = (
				8C5D10A225E5C5480023EE5A /* Main.storyboard */,
				8C5D10AA25E5C5490023EE5A /* LaunchScreen.storyboard */,
			);
			path = Storyboards;
			sourceTree = "<group>";
		};
		8C21B5FB25E5E67B00C9D31E /* Data */ = {
			isa = PBXGroup;
			children = (
				8C21B5FD25E5E69300C9D31E /* Remote */,
				8C21B5FC25E5E68500C9D31E /* Local */,
			);
			path = Data;
			sourceTree = "<group>";
		};
		8C21B5FC25E5E68500C9D31E /* Local */ = {
			isa = PBXGroup;
			children = (
				8C9B6B1125EEEFD0008901B9 /* FavoriteLeagues+CoreDataClass.swift */,
				8C9B6B1225EEEFD0008901B9 /* FavoriteLeagues+CoreDataProperties.swift */,
				8C9B6B2425EF086E008901B9 /* DataModel.swift */,
			);
			path = Local;
			sourceTree = "<group>";
		};
		8C21B5FD25E5E69300C9D31E /* Remote */ = {
			isa = PBXGroup;
			children = (
				8C7D1E2C25E8626900CE2876 /* BaseAPI.swift */,
			);
			path = Remote;
			sourceTree = "<group>";
		};
		8C21B5FE25E5E6B600C9D31E /* Constants */ = {
			isa = PBXGroup;
			children = (
				8C952CD225E930B200EFD939 /* CellsIDs.swift */,
				8C7D1E2725E85F1400CE2876 /* APIURLs.swift */,
				8C3A5FB025EAF27D0088646B /* ViewsIDs.swift */,
			);
			path = Constants;
			sourceTree = "<group>";
		};
		8C3A5FA325EAB6070088646B /* TeamCell */ = {
			isa = PBXGroup;
			children = (
				8C3A5FA425EAB66D0088646B /* TeamCell.swift */,
				8C3A5FA525EAB66D0088646B /* TeamCell.xib */,
			);
			path = TeamCell;
			sourceTree = "<group>";
		};
		8C3A5FBC25EB29E80088646B /* YouTube */ = {
			isa = PBXGroup;
			children = (
				8C3A5FBD25EB2A030088646B /* YouTubeModel.swift */,
			);
			path = YouTube;
			sourceTree = "<group>";
		};
		8C4E9B1F25F1A7C80016C08A /* Leagues */ = {
			isa = PBXGroup;
			children = (
				8C952CBC25E9281500EFD939 /* LeagesPresenter.swift */,
				8C9B6B2A25EF21AA008901B9 /* LeagesPresenter+CoreDataPresenter.swift */,
			);
			path = Leagues;
			sourceTree = "<group>";
		};
		8C4E9B2225F1D4630016C08A /* Images */ = {
			isa = PBXGroup;
			children = (
				8C645B1225F2EB8A0014DB6B /* ball.png */,
				8C4E9B2D25F20AC90016C08A /* facebook.png */,
				8C4E9B2F25F20AC90016C08A /* instagram.png */,
				8C4E9B2E25F20AC90016C08A /* twitter.png */,
				8C4E9B3025F20AC90016C08A /* youtube.png */,
				8C4E9B2925F1DAFF0016C08A /* teams.jpg */,
				8C4E9B2625F1D5D70016C08A /* leagues.png */,
				8C4E9B2325F1D47D0016C08A /* sports.jpg */,
			);
			path = Images;
			sourceTree = "<group>";
		};
		8C5D109025E5C5480023EE5A = {
			isa = PBXGroup;
			children = (
				8C5D109B25E5C5480023EE5A /* Remontada */,
				8C5D109A25E5C5480023EE5A /* Products */,
				71C1EFD2CB23AACC5CE9F61C /* Pods */,
				907F9F28BC5B6DA1EB907573 /* Frameworks */,
			);
			sourceTree = "<group>";
			usesTabs = 0;
		};
		8C5D109A25E5C5480023EE5A /* Products */ = {
			isa = PBXGroup;
			children = (
				8C5D109925E5C5480023EE5A /* Remontada.app */,
			);
			name = Products;
			sourceTree = "<group>";
		};
		8C5D109B25E5C5480023EE5A /* Remontada */ = {
			isa = PBXGroup;
			children = (
				8C21B5FE25E5E6B600C9D31E /* Constants */,
				8C7D1E3F25E8771400CE2876 /* Protocols */,
				8C21B5FB25E5E67B00C9D31E /* Data */,
				8C21B5F925E5D57400C9D31E /* Storyboards */,
				8C21B5F325E5CD7C00C9D31E /* Configuration */,
				8C21B5F225E5CD1A00C9D31E /* Resources */,
				8C21B5F125E5CD0E00C9D31E /* Core */,
				8C21B5F025E5CCEA00C9D31E /* Presenters */,
				8C21B5EF25E5CCE100C9D31E /* Views */,
				8C21B5EE25E5CCD300C9D31E /* Models */,
			);
			path = Remontada;
			sourceTree = "<group>";
		};
		8C7C094F25E9A14A003D507C /* Youtube */ = {
			isa = PBXGroup;
			children = (
				8C7C095025E9A18F003D507C /* YoutubeVC.swift */,
			);
			path = Youtube;
			sourceTree = "<group>";
		};
		8C7D1E2F25E870D700CE2876 /* Sports */ = {
			isa = PBXGroup;
			children = (
				8C7D1E3825E875D100CE2876 /* SportCell */,
				8C7D1E3125E8743700CE2876 /* SportsVC.swift */,
				8C7D1E3425E8756000CE2876 /* SportsVC+CollectionView.swift */,
			);
			path = Sports;
			sourceTree = "<group>";
		};
		8C7D1E3825E875D100CE2876 /* SportCell */ = {
			isa = PBXGroup;
			children = (
				8C7D1E3925E875FD00CE2876 /* SportCell.swift */,
				8C7D1E3A25E875FD00CE2876 /* SportCell.xib */,
			);
			path = SportCell;
			sourceTree = "<group>";
		};
		8C7D1E3F25E8771400CE2876 /* Protocols */ = {
			isa = PBXGroup;
			children = (
				8C7D1E4C25E87E8700CE2876 /* APIProtocol.swift */,
				8C952CDD25E9410200EFD939 /* LeageCellProtocol.swift */,
				8C7D1E4125E8773D00CE2876 /* SportCellProtocol.swift */,
				8C952CDA25E9346200EFD939 /* CollectionsProtocol.swift */,
				8CE73F8A25E9E0A20056FA4C /* EventCellProtocol.swift */,
				8C3A5FAD25EABD1B0088646B /* TeamCellProtocol.swift */,
				8C9B6B1E25EEF75F008901B9 /* CoreDataProtocol.swift */,
			);
			path = Protocols;
			sourceTree = "<group>";
		};
		8C7E8A1425EC8B6E00C516AC /* TeamDetails */ = {
			isa = PBXGroup;
			children = (
				8C7E8A1725EC8BB500C516AC /* TeamDetailsVC.swift */,
			);
			path = TeamDetails;
			sourceTree = "<group>";
		};
		8C905F3E25F04ECB004975CA /* Animation */ = {
			isa = PBXGroup;
			children = (
				8C905F4325F04F1D004975CA /* TabBarAnimation.swift */,
			);
			path = Animation;
			sourceTree = "<group>";
		};
		8C952CAE25E91D3800EFD939 /* Leages */ = {
			isa = PBXGroup;
			children = (
				8C952CAF25E91D5A00EFD939 /* LeageCell */,
				8C952CB625E9276300EFD939 /* LeagesVC.swift */,
				8C952CB925E927C000EFD939 /* LeagesVC+TableOfLeages.swift */,
			);
			path = Leages;
			sourceTree = "<group>";
		};
		8C952CAF25E91D5A00EFD939 /* LeageCell */ = {
			isa = PBXGroup;
			children = (
				8C952CB025E91E7700EFD939 /* LeageCell.swift */,
				8C952CB125E91E7700EFD939 /* LeageCell.xib */,
			);
			path = LeageCell;
			sourceTree = "<group>";
		};
		8C952CC225E92B4E00EFD939 /* Sports */ = {
			isa = PBXGroup;
			children = (
				8C7D1E4825E87D9D00CE2876 /* SportsModel.swift */,
				8C7D1E5125E889E600CE2876 /* Sport.swift */,
			);
			path = Sports;
			sourceTree = "<group>";
		};
		8C952CC325E92B5D00EFD939 /* Leages */ = {
			isa = PBXGroup;
			children = (
				8C952CBF25E928E200EFD939 /* LeageBaseInfo.swift */,
				8C952CC825E92D0B00EFD939 /* LeageMoreInfo.swift */,
				8C952CCF25E92FA500EFD939 /* LeageModel.swift */,
				8C952CE425E94F8E00EFD939 /* LeagesBase.swift */,
				8C952CE725E94FCE00EFD939 /* LeagesMore.swift */,
			);
			path = Leages;
			sourceTree = "<group>";
		};
		8C9B6B1625EEF227008901B9 /* FavoriteLeagues */ = {
			isa = PBXGroup;
			children = (
				8C9B6B1825EEF35A008901B9 /* FavoriteLeaguesVC.swift */,
				8C9B6B2125EEFF8D008901B9 /* FavoriteLeaguesVC+TableOfFavoriteLeages.swift */,
			);
			path = FavoriteLeagues;
			sourceTree = "<group>";
		};
		8CE73F7825E9CFFE0056FA4C /* LeaguesDetails */ = {
			isa = PBXGroup;
			children = (
				8C3A5FA325EAB6070088646B /* TeamCell */,
				8CE73F8325E9D1B60056FA4C /* EventCell */,
				8CE73F7925E9D00E0056FA4C /* UpcomingEventsCell */,
				8CE73F7A25E9D02A0056FA4C /* LastEventsCell */,
				8CE73F7B25E9D0370056FA4C /* TeamsCell */,
				8C599DC425E9FFDA00B2B7C0 /* DetailsVC.swift */,
			);
			path = LeaguesDetails;
			sourceTree = "<group>";
		};
		8CE73F7925E9D00E0056FA4C /* UpcomingEventsCell */ = {
			isa = PBXGroup;
			children = (
				8CE73F7D25E9D0BA0056FA4C /* UpcomingEventsCell.swift */,
				8CE73F7E25E9D0BA0056FA4C /* UpcomingEventsCell.xib */,
			);
			path = UpcomingEventsCell;
			sourceTree = "<group>";
		};
		8CE73F7A25E9D02A0056FA4C /* LastEventsCell */ = {
			isa = PBXGroup;
			children = (
				8C599DCB25EA1C8400B2B7C0 /* LastEventsCell.swift */,
				8C599DCC25EA1C8400B2B7C0 /* LastEventsCell.xib */,
			);
			path = LastEventsCell;
			sourceTree = "<group>";
		};
		8CE73F7B25E9D0370056FA4C /* TeamsCell */ = {
			isa = PBXGroup;
			children = (
				8C3A5F9A25EAB55C0088646B /* TeamsCell.swift */,
				8C3A5F9B25EAB55C0088646B /* TeamsCell.xib */,
			);
			path = TeamsCell;
			sourceTree = "<group>";
		};
		8CE73F8225E9D1860056FA4C /* LeaguesDetails */ = {
			isa = PBXGroup;
			children = (
				8CE73F8D25E9E31E0056FA4C /* UpcomingEventsPresenter.swift */,
				8C599DD025EA1F0400B2B7C0 /* LastEventsPresenter.swift */,
				8C3A5FAA25EAB7870088646B /* TeamsPresenter.swift */,
			);
			path = LeaguesDetails;
			sourceTree = "<group>";
		};
		8CE73F8325E9D1B60056FA4C /* EventCell */ = {
			isa = PBXGroup;
			children = (
				8CE73F8425E9D1FD0056FA4C /* EventCell.swift */,
				8CE73F8525E9D1FD0056FA4C /* EventCell.xib */,
			);
			path = EventCell;
			sourceTree = "<group>";
		};
		8CE73F9025E9EBAD0056FA4C /* Details */ = {
			isa = PBXGroup;
			children = (
				8CE73F9625E9ECBD0056FA4C /* Teams */,
				8CE73F9125E9EBBB0056FA4C /* Upcoming */,
			);
			path = Details;
			sourceTree = "<group>";
		};
		8CE73F9125E9EBBB0056FA4C /* Upcoming */ = {
			isa = PBXGroup;
			children = (
				8CE73F9225E9EC130056FA4C /* UpcomingModel.swift */,
				8CE73F9D25E9F11C0056FA4C /* Events.swift */,
				8CE73FA025E9F13B0056FA4C /* Event.swift */,
			);
			path = Upcoming;
			sourceTree = "<group>";
		};
		8CE73F9625E9ECBD0056FA4C /* Teams */ = {
			isa = PBXGroup;
			children = (
				8CE73F9725E9ED420056FA4C /* TeamsModel.swift */,
				8CE73F9A25E9ED6F0056FA4C /* Team.swift */,
			);
			path = Teams;
			sourceTree = "<group>";
		};
		907F9F28BC5B6DA1EB907573 /* Frameworks */ = {
			isa = PBXGroup;
			children = (
				E9C42434F8850F7FA1A6C666 /* Pods_Remontada.framework */,
			);
			name = Frameworks;
			sourceTree = "<group>";
		};
/* End PBXGroup section */

/* Begin PBXNativeTarget section */
		8C5D109825E5C5480023EE5A /* Remontada */ = {
			isa = PBXNativeTarget;
			buildConfigurationList = 8C5D10B025E5C5490023EE5A /* Build configuration list for PBXNativeTarget "Remontada" */;
			buildPhases = (
				5F3F759D1555245FE95AB13D /* [CP] Check Pods Manifest.lock */,
				8C5D109525E5C5480023EE5A /* Sources */,
				8C5D109625E5C5480023EE5A /* Frameworks */,
				8C5D109725E5C5480023EE5A /* Resources */,
				D6FA3495B717F47EB6CF1D83 /* [CP] Embed Pods Frameworks */,
			);
			buildRules = (
			);
			dependencies = (
			);
			name = Remontada;
			productName = Remontada;
			productReference = 8C5D109925E5C5480023EE5A /* Remontada.app */;
			productType = "com.apple.product-type.application";
		};
/* End PBXNativeTarget section */

/* Begin PBXProject section */
		8C5D109125E5C5480023EE5A /* Project object */ = {
			isa = PBXProject;
			attributes = {
				LastSwiftUpdateCheck = 1240;
				LastUpgradeCheck = 1240;
				TargetAttributes = {
					8C5D109825E5C5480023EE5A = {
						CreatedOnToolsVersion = 12.4;
					};
				};
			};
			buildConfigurationList = 8C5D109425E5C5480023EE5A /* Build configuration list for PBXProject "Remontada" */;
			compatibilityVersion = "Xcode 9.3";
			developmentRegion = en;
			hasScannedForEncodings = 0;
			knownRegions = (
				en,
				Base,
			);
			mainGroup = 8C5D109025E5C5480023EE5A;
			productRefGroup = 8C5D109A25E5C5480023EE5A /* Products */;
			projectDirPath = "";
			projectRoot = "";
			targets = (
				8C5D109825E5C5480023EE5A /* Remontada */,
			);
		};
/* End PBXProject section */

/* Begin PBXResourcesBuildPhase section */
		8C5D109725E5C5480023EE5A /* Resources */ = {
			isa = PBXResourcesBuildPhase;
			buildActionMask = 2147483647;
			files = (
				8C4E9B2725F1D5D70016C08A /* leagues.png in Resources */,
				8C952CB325E91E7700EFD939 /* LeageCell.xib in Resources */,
				8C645B1325F2EB8A0014DB6B /* ball.png in Resources */,
				8C4E9B3425F20AC90016C08A /* youtube.png in Resources */,
				8C5D10AC25E5C5490023EE5A /* LaunchScreen.storyboard in Resources */,
				8C4E9B3125F20AC90016C08A /* facebook.png in Resources */,
				8C3A5F9D25EAB55C0088646B /* TeamsCell.xib in Resources */,
				8CE73F8025E9D0BA0056FA4C /* UpcomingEventsCell.xib in Resources */,
				8C4E9B3325F20AC90016C08A /* instagram.png in Resources */,
				8C5D10A925E5C5490023EE5A /* Assets.xcassets in Resources */,
				8C599DCE25EA1C8400B2B7C0 /* LastEventsCell.xib in Resources */,
				8C4E9B2425F1D47D0016C08A /* sports.jpg in Resources */,
				8C4E9B2A25F1DAFF0016C08A /* teams.jpg in Resources */,
				8C3A5FA725EAB66D0088646B /* TeamCell.xib in Resources */,
				8C7D1E3C25E875FD00CE2876 /* SportCell.xib in Resources */,
				8C4E9B3225F20AC90016C08A /* twitter.png in Resources */,
				8C5D10A425E5C5480023EE5A /* Main.storyboard in Resources */,
				8CE73F8725E9D1FD0056FA4C /* EventCell.xib in Resources */,
			);
			runOnlyForDeploymentPostprocessing = 0;
		};
/* End PBXResourcesBuildPhase section */

/* Begin PBXShellScriptBuildPhase section */
		5F3F759D1555245FE95AB13D /* [CP] Check Pods Manifest.lock */ = {
			isa = PBXShellScriptBuildPhase;
			buildActionMask = 2147483647;
			files = (
			);
			inputFileListPaths = (
			);
			inputPaths = (
				"${PODS_PODFILE_DIR_PATH}/Podfile.lock",
				"${PODS_ROOT}/Manifest.lock",
			);
			name = "[CP] Check Pods Manifest.lock";
			outputFileListPaths = (
			);
			outputPaths = (
				"$(DERIVED_FILE_DIR)/Pods-Remontada-checkManifestLockResult.txt",
			);
			runOnlyForDeploymentPostprocessing = 0;
			shellPath = /bin/sh;
			shellScript = "diff \"${PODS_PODFILE_DIR_PATH}/Podfile.lock\" \"${PODS_ROOT}/Manifest.lock\" > /dev/null\nif [ $? != 0 ] ; then\n    # print error to STDERR\n    echo \"error: The sandbox is not in sync with the Podfile.lock. Run 'pod install' or update your CocoaPods installation.\" >&2\n    exit 1\nfi\n# This output is used by Xcode 'outputs' to avoid re-running this script phase.\necho \"SUCCESS\" > \"${SCRIPT_OUTPUT_FILE_0}\"\n";
			showEnvVarsInLog = 0;
		};
		D6FA3495B717F47EB6CF1D83 /* [CP] Embed Pods Frameworks */ = {
			isa = PBXShellScriptBuildPhase;
			buildActionMask = 2147483647;
			files = (
			);
			inputFileListPaths = (
				"${PODS_ROOT}/Target Support Files/Pods-Remontada/Pods-Remontada-frameworks-${CONFIGURATION}-input-files.xcfilelist",
			);
			name = "[CP] Embed Pods Frameworks";
			outputFileListPaths = (
				"${PODS_ROOT}/Target Support Files/Pods-Remontada/Pods-Remontada-frameworks-${CONFIGURATION}-output-files.xcfilelist",
			);
			runOnlyForDeploymentPostprocessing = 0;
			shellPath = /bin/sh;
			shellScript = "\"${PODS_ROOT}/Target Support Files/Pods-Remontada/Pods-Remontada-frameworks.sh\"\n";
			showEnvVarsInLog = 0;
		};
/* End PBXShellScriptBuildPhase section */

/* Begin PBXSourcesBuildPhase section */
		8C5D109525E5C5480023EE5A /* Sources */ = {
			isa = PBXSourcesBuildPhase;
			buildActionMask = 2147483647;
			files = (
				8C7C095125E9A18F003D507C /* YoutubeVC.swift in Sources */,
				8C5D10A725E5C5480023EE5A /* Remontada.xcdatamodeld in Sources */,
				8C7E8A1C25EC8BE900C516AC /* TeamDetailsPresenter.swift in Sources */,
				8CE73F9325E9EC130056FA4C /* UpcomingModel.swift in Sources */,
				8C7D1E4925E87D9D00CE2876 /* SportsModel.swift in Sources */,
				8C952CB225E91E7700EFD939 /* LeageCell.swift in Sources */,
				8C5D109D25E5C5480023EE5A /* AppDelegate.swift in Sources */,
				8C952CD325E930B200EFD939 /* CellsIDs.swift in Sources */,
				8C9B6B1325EEEFD0008901B9 /* FavoriteLeagues+CoreDataClass.swift in Sources */,
				8C7D1E3B25E875FD00CE2876 /* SportCell.swift in Sources */,
				8C952CE825E94FCE00EFD939 /* LeagesMore.swift in Sources */,
				8C7D1E4225E8773D00CE2876 /* SportCellProtocol.swift in Sources */,
				8C952CB725E9276300EFD939 /* LeagesVC.swift in Sources */,
				8C5D109F25E5C5480023EE5A /* SceneDelegate.swift in Sources */,
				8C952CC925E92D0B00EFD939 /* LeageMoreInfo.swift in Sources */,
				8C599DC525E9FFDA00B2B7C0 /* DetailsVC.swift in Sources */,
				8C952CC025E928E200EFD939 /* LeageBaseInfo.swift in Sources */,
				8CE73F9E25E9F11C0056FA4C /* Events.swift in Sources */,
				8C3A5FB125EAF27D0088646B /* ViewsIDs.swift in Sources */,
				8C905F4425F04F1D004975CA /* TabBarAnimation.swift in Sources */,
				8C9B6B1F25EEF75F008901B9 /* CoreDataProtocol.swift in Sources */,
				8CE73F8B25E9E0A20056FA4C /* EventCellProtocol.swift in Sources */,
				8C9B6B1425EEEFD0008901B9 /* FavoriteLeagues+CoreDataProperties.swift in Sources */,
				8C3A5F9C25EAB55C0088646B /* TeamsCell.swift in Sources */,
				8C7D1E5225E889E600CE2876 /* Sport.swift in Sources */,
				8C7D1E3525E8756000CE2876 /* SportsVC+CollectionView.swift in Sources */,
				8CE73F7F25E9D0BA0056FA4C /* UpcomingEventsCell.swift in Sources */,
				8CE73FA125E9F13B0056FA4C /* Event.swift in Sources */,
				8C952CBA25E927C000EFD939 /* LeagesVC+TableOfLeages.swift in Sources */,
				8C599DCD25EA1C8400B2B7C0 /* LastEventsCell.swift in Sources */,
				8C7E8A1825EC8BB500C516AC /* TeamDetailsVC.swift in Sources */,
				8C9B6B1C25EEF3E8008901B9 /* FavoriteLeaguesPresenter.swift in Sources */,
				8C3A5FAE25EABD1B0088646B /* TeamCellProtocol.swift in Sources */,
				8C7D1E4D25E87E8700CE2876 /* APIProtocol.swift in Sources */,
				8C3A5FBE25EB2A030088646B /* YouTubeModel.swift in Sources */,
				8C3A5FAB25EAB7870088646B /* TeamsPresenter.swift in Sources */,
				8C9B6B1925EEF35A008901B9 /* FavoriteLeaguesVC.swift in Sources */,
				8C9B6B2525EF086E008901B9 /* DataModel.swift in Sources */,
				8C952CE525E94F8E00EFD939 /* LeagesBase.swift in Sources */,
				8C7D1E4625E87D5100CE2876 /* SportsPresenter.swift in Sources */,
				8CE73F9825E9ED420056FA4C /* TeamsModel.swift in Sources */,
				8CE73F8E25E9E31E0056FA4C /* UpcomingEventsPresenter.swift in Sources */,
				8CE73F8625E9D1FD0056FA4C /* EventCell.swift in Sources */,
				8C952CBD25E9281500EFD939 /* LeagesPresenter.swift in Sources */,
				8C952CDE25E9410200EFD939 /* LeageCellProtocol.swift in Sources */,
				8C3A5FA625EAB66D0088646B /* TeamCell.swift in Sources */,
				8C952CDB25E9346200EFD939 /* CollectionsProtocol.swift in Sources */,
				8C7D1E2825E85F1400CE2876 /* APIURLs.swift in Sources */,
				8C9B6B2B25EF21AA008901B9 /* LeagesPresenter+CoreDataPresenter.swift in Sources */,
				8C599DD125EA1F0400B2B7C0 /* LastEventsPresenter.swift in Sources */,
				8C7D1E2D25E8626900CE2876 /* BaseAPI.swift in Sources */,
				8C9B6B2225EEFF8D008901B9 /* FavoriteLeaguesVC+TableOfFavoriteLeages.swift in Sources */,
				8CE73F9B25E9ED6F0056FA4C /* Team.swift in Sources */,
				8C952CD025E92FA500EFD939 /* LeageModel.swift in Sources */,
				8C7D1E3225E8743700CE2876 /* SportsVC.swift in Sources */,
			);
			runOnlyForDeploymentPostprocessing = 0;
		};
/* End PBXSourcesBuildPhase section */

/* Begin PBXVariantGroup section */
		8C5D10A225E5C5480023EE5A /* Main.storyboard */ = {
			isa = PBXVariantGroup;
			children = (
				8C5D10A325E5C5480023EE5A /* Base */,
			);
			name = Main.storyboard;
			sourceTree = "<group>";
		};
		8C5D10AA25E5C5490023EE5A /* LaunchScreen.storyboard */ = {
			isa = PBXVariantGroup;
			children = (
				8C5D10AB25E5C5490023EE5A /* Base */,
			);
			name = LaunchScreen.storyboard;
			sourceTree = "<group>";
		};
/* End PBXVariantGroup section */

/* Begin XCBuildConfiguration section */
		8C5D10AE25E5C5490023EE5A /* Debug */ = {
			isa = XCBuildConfiguration;
			buildSettings = {
				ALWAYS_SEARCH_USER_PATHS = NO;
				CLANG_ANALYZER_NONNULL = YES;
				CLANG_ANALYZER_NUMBER_OBJECT_CONVERSION = YES_AGGRESSIVE;
				CLANG_CXX_LANGUAGE_STANDARD = "gnu++14";
				CLANG_CXX_LIBRARY = "libc++";
				CLANG_ENABLE_MODULES = YES;
				CLANG_ENABLE_OBJC_ARC = YES;
				CLANG_ENABLE_OBJC_WEAK = YES;
				CLANG_WARN_BLOCK_CAPTURE_AUTORELEASING = YES;
				CLANG_WARN_BOOL_CONVERSION = YES;
				CLANG_WARN_COMMA = YES;
				CLANG_WARN_CONSTANT_CONVERSION = YES;
				CLANG_WARN_DEPRECATED_OBJC_IMPLEMENTATIONS = YES;
				CLANG_WARN_DIRECT_OBJC_ISA_USAGE = YES_ERROR;
				CLANG_WARN_DOCUMENTATION_COMMENTS = YES;
				CLANG_WARN_EMPTY_BODY = YES;
				CLANG_WARN_ENUM_CONVERSION = YES;
				CLANG_WARN_INFINITE_RECURSION = YES;
				CLANG_WARN_INT_CONVERSION = YES;
				CLANG_WARN_NON_LITERAL_NULL_CONVERSION = YES;
				CLANG_WARN_OBJC_IMPLICIT_RETAIN_SELF = YES;
				CLANG_WARN_OBJC_LITERAL_CONVERSION = YES;
				CLANG_WARN_OBJC_ROOT_CLASS = YES_ERROR;
				CLANG_WARN_QUOTED_INCLUDE_IN_FRAMEWORK_HEADER = YES;
				CLANG_WARN_RANGE_LOOP_ANALYSIS = YES;
				CLANG_WARN_STRICT_PROTOTYPES = YES;
				CLANG_WARN_SUSPICIOUS_MOVE = YES;
				CLANG_WARN_UNGUARDED_AVAILABILITY = YES_AGGRESSIVE;
				CLANG_WARN_UNREACHABLE_CODE = YES;
				CLANG_WARN__DUPLICATE_METHOD_MATCH = YES;
				COPY_PHASE_STRIP = NO;
				DEBUG_INFORMATION_FORMAT = dwarf;
				ENABLE_STRICT_OBJC_MSGSEND = YES;
				ENABLE_TESTABILITY = YES;
				GCC_C_LANGUAGE_STANDARD = gnu11;
				GCC_DYNAMIC_NO_PIC = NO;
				GCC_NO_COMMON_BLOCKS = YES;
				GCC_OPTIMIZATION_LEVEL = 0;
				GCC_PREPROCESSOR_DEFINITIONS = (
					"DEBUG=1",
					"$(inherited)",
				);
				GCC_WARN_64_TO_32_BIT_CONVERSION = YES;
				GCC_WARN_ABOUT_RETURN_TYPE = YES_ERROR;
				GCC_WARN_UNDECLARED_SELECTOR = YES;
				GCC_WARN_UNINITIALIZED_AUTOS = YES_AGGRESSIVE;
				GCC_WARN_UNUSED_FUNCTION = YES;
				GCC_WARN_UNUSED_VARIABLE = YES;
				IPHONEOS_DEPLOYMENT_TARGET = 14.4;
				MTL_ENABLE_DEBUG_INFO = INCLUDE_SOURCE;
				MTL_FAST_MATH = YES;
				ONLY_ACTIVE_ARCH = YES;
				SDKROOT = iphoneos;
				SWIFT_ACTIVE_COMPILATION_CONDITIONS = DEBUG;
				SWIFT_OPTIMIZATION_LEVEL = "-Onone";
			};
			name = Debug;
		};
		8C5D10AF25E5C5490023EE5A /* Release */ = {
			isa = XCBuildConfiguration;
			buildSettings = {
				ALWAYS_SEARCH_USER_PATHS = NO;
				CLANG_ANALYZER_NONNULL = YES;
				CLANG_ANALYZER_NUMBER_OBJECT_CONVERSION = YES_AGGRESSIVE;
				CLANG_CXX_LANGUAGE_STANDARD = "gnu++14";
				CLANG_CXX_LIBRARY = "libc++";
				CLANG_ENABLE_MODULES = YES;
				CLANG_ENABLE_OBJC_ARC = YES;
				CLANG_ENABLE_OBJC_WEAK = YES;
				CLANG_WARN_BLOCK_CAPTURE_AUTORELEASING = YES;
				CLANG_WARN_BOOL_CONVERSION = YES;
				CLANG_WARN_COMMA = YES;
				CLANG_WARN_CONSTANT_CONVERSION = YES;
				CLANG_WARN_DEPRECATED_OBJC_IMPLEMENTATIONS = YES;
				CLANG_WARN_DIRECT_OBJC_ISA_USAGE = YES_ERROR;
				CLANG_WARN_DOCUMENTATION_COMMENTS = YES;
				CLANG_WARN_EMPTY_BODY = YES;
				CLANG_WARN_ENUM_CONVERSION = YES;
				CLANG_WARN_INFINITE_RECURSION = YES;
				CLANG_WARN_INT_CONVERSION = YES;
				CLANG_WARN_NON_LITERAL_NULL_CONVERSION = YES;
				CLANG_WARN_OBJC_IMPLICIT_RETAIN_SELF = YES;
				CLANG_WARN_OBJC_LITERAL_CONVERSION = YES;
				CLANG_WARN_OBJC_ROOT_CLASS = YES_ERROR;
				CLANG_WARN_QUOTED_INCLUDE_IN_FRAMEWORK_HEADER = YES;
				CLANG_WARN_RANGE_LOOP_ANALYSIS = YES;
				CLANG_WARN_STRICT_PROTOTYPES = YES;
				CLANG_WARN_SUSPICIOUS_MOVE = YES;
				CLANG_WARN_UNGUARDED_AVAILABILITY = YES_AGGRESSIVE;
				CLANG_WARN_UNREACHABLE_CODE = YES;
				CLANG_WARN__DUPLICATE_METHOD_MATCH = YES;
				COPY_PHASE_STRIP = NO;
				DEBUG_INFORMATION_FORMAT = "dwarf-with-dsym";
				ENABLE_NS_ASSERTIONS = NO;
				ENABLE_STRICT_OBJC_MSGSEND = YES;
				GCC_C_LANGUAGE_STANDARD = gnu11;
				GCC_NO_COMMON_BLOCKS = YES;
				GCC_WARN_64_TO_32_BIT_CONVERSION = YES;
				GCC_WARN_ABOUT_RETURN_TYPE = YES_ERROR;
				GCC_WARN_UNDECLARED_SELECTOR = YES;
				GCC_WARN_UNINITIALIZED_AUTOS = YES_AGGRESSIVE;
				GCC_WARN_UNUSED_FUNCTION = YES;
				GCC_WARN_UNUSED_VARIABLE = YES;
				IPHONEOS_DEPLOYMENT_TARGET = 14.4;
				MTL_ENABLE_DEBUG_INFO = NO;
				MTL_FAST_MATH = YES;
				SDKROOT = iphoneos;
				SWIFT_COMPILATION_MODE = wholemodule;
				SWIFT_OPTIMIZATION_LEVEL = "-O";
				VALIDATE_PRODUCT = YES;
			};
			name = Release;
		};
		8C5D10B125E5C5490023EE5A /* Debug */ = {
			isa = XCBuildConfiguration;
			baseConfigurationReference = 230F15948B28F4581AE64DFE /* Pods-Remontada.debug.xcconfig */;
			buildSettings = {
				ASSETCATALOG_COMPILER_APPICON_NAME = AppIcon;
				ASSETCATALOG_COMPILER_GLOBAL_ACCENT_COLOR_NAME = AccentColor;
				CODE_SIGN_STYLE = Automatic;
				DEVELOPMENT_TEAM = 5GCQQMG9SV;
				INFOPLIST_FILE = Remontada/Configuration/Info.plist;
				LD_RUNPATH_SEARCH_PATHS = (
					"$(inherited)",
					"@executable_path/Frameworks",
				);
				PRODUCT_BUNDLE_IDENTIFIER = com.Alpha.Remontada;
				PRODUCT_NAME = "$(TARGET_NAME)";
				SWIFT_VERSION = 5.0;
				TARGETED_DEVICE_FAMILY = "1,2";
			};
			name = Debug;
		};
		8C5D10B225E5C5490023EE5A /* Release */ = {
			isa = XCBuildConfiguration;
			baseConfigurationReference = 85938B44B53B4FFCF3CE6CF7 /* Pods-Remontada.release.xcconfig */;
			buildSettings = {
				ASSETCATALOG_COMPILER_APPICON_NAME = AppIcon;
				ASSETCATALOG_COMPILER_GLOBAL_ACCENT_COLOR_NAME = AccentColor;
				CODE_SIGN_STYLE = Automatic;
				DEVELOPMENT_TEAM = 5GCQQMG9SV;
				INFOPLIST_FILE = Remontada/Configuration/Info.plist;
				LD_RUNPATH_SEARCH_PATHS = (
					"$(inherited)",
					"@executable_path/Frameworks",
				);
				PRODUCT_BUNDLE_IDENTIFIER = com.Alpha.Remontada;
				PRODUCT_NAME = "$(TARGET_NAME)";
				SWIFT_VERSION = 5.0;
				TARGETED_DEVICE_FAMILY = "1,2";
			};
			name = Release;
		};
/* End XCBuildConfiguration section */

/* Begin XCConfigurationList section */
		8C5D109425E5C5480023EE5A /* Build configuration list for PBXProject "Remontada" */ = {
			isa = XCConfigurationList;
			buildConfigurations = (
				8C5D10AE25E5C5490023EE5A /* Debug */,
				8C5D10AF25E5C5490023EE5A /* Release */,
			);
			defaultConfigurationIsVisible = 0;
			defaultConfigurationName = Release;
		};
		8C5D10B025E5C5490023EE5A /* Build configuration list for PBXNativeTarget "Remontada" */ = {
			isa = XCConfigurationList;
			buildConfigurations = (
				8C5D10B125E5C5490023EE5A /* Debug */,
				8C5D10B225E5C5490023EE5A /* Release */,
			);
			defaultConfigurationIsVisible = 0;
			defaultConfigurationName = Release;
		};
/* End XCConfigurationList section */

/* Begin XCVersionGroup section */
		8C5D10A525E5C5480023EE5A /* Remontada.xcdatamodeld */ = {
			isa = XCVersionGroup;
			children = (
				8C5D10A625E5C5480023EE5A /* Remontada.xcdatamodel */,
			);
			currentVersion = 8C5D10A625E5C5480023EE5A /* Remontada.xcdatamodel */;
			path = Remontada.xcdatamodeld;
			sourceTree = "<group>";
			versionGroupType = wrapper.xcdatamodel;
		};
/* End XCVersionGroup section */
	};
	rootObject = 8C5D109125E5C5480023EE5A /* Project object */;
}
